// !$*UTF8*$!
{
	archiveVersion = 1;
	classes = {
	};
	objectVersion = 55;
	objects = {

/* Begin PBXBuildFile section */
		9F133DAC28CE5D4000A89A12 /* AppDelegate.swift in Sources */ = {isa = PBXBuildFile; fileRef = 9F133DAB28CE5D4000A89A12 /* AppDelegate.swift */; };
		9F133DAE28CE5D4000A89A12 /* SceneDelegate.swift in Sources */ = {isa = PBXBuildFile; fileRef = 9F133DAD28CE5D4000A89A12 /* SceneDelegate.swift */; };
		9F133DB328CE5D4000A89A12 /* Main.storyboard in Resources */ = {isa = PBXBuildFile; fileRef = 9F133DB128CE5D4000A89A12 /* Main.storyboard */; };
		9F133DB628CE5D4000A89A12 /* WellnessClub.xcdatamodeld in Sources */ = {isa = PBXBuildFile; fileRef = 9F133DB428CE5D4000A89A12 /* WellnessClub.xcdatamodeld */; };
		9F133DB828CE5D4000A89A12 /* Assets.xcassets in Resources */ = {isa = PBXBuildFile; fileRef = 9F133DB728CE5D4000A89A12 /* Assets.xcassets */; };
		9F133DBB28CE5D4000A89A12 /* LaunchScreen.storyboard in Resources */ = {isa = PBXBuildFile; fileRef = 9F133DB928CE5D4000A89A12 /* LaunchScreen.storyboard */; };
		9F62DD1B28DDD8FB00C4E08E /* KaloriCalculator.swift in Sources */ = {isa = PBXBuildFile; fileRef = 9F62DD1A28DDD8FB00C4E08E /* KaloriCalculator.swift */; };
		9F63CB0028DC5861004435DD /* BMI.swift in Sources */ = {isa = PBXBuildFile; fileRef = 9F63CAFF28DC5861004435DD /* BMI.swift */; };
		9F63CB0228DC5A01004435DD /* BMICalculator.swift in Sources */ = {isa = PBXBuildFile; fileRef = 9F63CB0128DC5A01004435DD /* BMICalculator.swift */; };
		9F63CB0428DC646D004435DD /* BMICalculatedVC.swift in Sources */ = {isa = PBXBuildFile; fileRef = 9F63CB0328DC646D004435DD /* BMICalculatedVC.swift */; };
		9F63CB0628DCCED3004435DD /* KaloriVc.swift in Sources */ = {isa = PBXBuildFile; fileRef = 9F63CB0528DCCED3004435DD /* KaloriVc.swift */; };
		9F63CB0928DCD811004435DD /* ProfileVc.swift in Sources */ = {isa = PBXBuildFile; fileRef = 9F63CB0828DCD811004435DD /* ProfileVc.swift */; };
		9F65209528DB228A0089E80B /* BmiVc.swift in Sources */ = {isa = PBXBuildFile; fileRef = 9F65209428DB228A0089E80B /* BmiVc.swift */; };
		9F6971E528E5FA3F00768578 /* HakkimizVc.swift in Sources */ = {isa = PBXBuildFile; fileRef = 9F6971E328E5FA3F00768578 /* HakkimizVc.swift */; };
		9F6971E628E5FA3F00768578 /* HakkimizVc.xib in Resources */ = {isa = PBXBuildFile; fileRef = 9F6971E428E5FA3F00768578 /* HakkimizVc.xib */; };
		9F6971E928E62F1000768578 /* EtkinlikVc.swift in Sources */ = {isa = PBXBuildFile; fileRef = 9F6971E728E62F1000768578 /* EtkinlikVc.swift */; };
		9F6971EA28E62F1000768578 /* EtkinlikVc.xib in Resources */ = {isa = PBXBuildFile; fileRef = 9F6971E828E62F1000768578 /* EtkinlikVc.xib */; };
		9FAD8C5A28D49293001EE6EC /* AnaSayfa.swift in Sources */ = {isa = PBXBuildFile; fileRef = 9FAD8C5928D49293001EE6EC /* AnaSayfa.swift */; };
		9FAD8C5D28D4954A001EE6EC /* KatagoriTVC.swift in Sources */ = {isa = PBXBuildFile; fileRef = 9FAD8C5B28D4954A001EE6EC /* KatagoriTVC.swift */; };
		9FAD8C5E28D4954A001EE6EC /* KatagoriTVC.xib in Resources */ = {isa = PBXBuildFile; fileRef = 9FAD8C5C28D4954A001EE6EC /* KatagoriTVC.xib */; };
		9FAD8C6428D51209001EE6EC /* HesaplaVc.swift in Sources */ = {isa = PBXBuildFile; fileRef = 9FAD8C6328D51209001EE6EC /* HesaplaVc.swift */; };
		9FB460BE28E6EA1D0077384D /* YagOranVc.swift in Sources */ = {isa = PBXBuildFile; fileRef = 9FB460BD28E6EA1D0077384D /* YagOranVc.swift */; };
		9FB460C028E6F30E0077384D /* YagOranCalculator.swift in Sources */ = {isa = PBXBuildFile; fileRef = 9FB460BF28E6F30E0077384D /* YagOranCalculator.swift */; };
		9FB460C228E6F58B0077384D /* YagOran.swift in Sources */ = {isa = PBXBuildFile; fileRef = 9FB460C128E6F58B0077384D /* YagOran.swift */; };
		9FE0CDC228EB2A1900AB2A81 /* YagOranCalculatedVc.swift in Sources */ = {isa = PBXBuildFile; fileRef = 9FE0CDC128EB2A1900AB2A81 /* YagOranCalculatedVc.swift */; };
		9FE0CDC428EB4D0200AB2A81 /* SuVc.swift in Sources */ = {isa = PBXBuildFile; fileRef = 9FE0CDC328EB4D0200AB2A81 /* SuVc.swift */; };
		9FE0CDC628EB61C500AB2A81 /* SuCalculatedVc.swift in Sources */ = {isa = PBXBuildFile; fileRef = 9FE0CDC528EB61C500AB2A81 /* SuCalculatedVc.swift */; };
		9FE0CDC828EB623900AB2A81 /* SuValue.swift in Sources */ = {isa = PBXBuildFile; fileRef = 9FE0CDC728EB623900AB2A81 /* SuValue.swift */; };
		9FE0CDCA28EB628B00AB2A81 /* SuCalculator.swift in Sources */ = {isa = PBXBuildFile; fileRef = 9FE0CDC928EB628B00AB2A81 /* SuCalculator.swift */; };
		9FF6DC0528D253D8003B9B8F /* MainTree_TBC.swift in Sources */ = {isa = PBXBuildFile; fileRef = 9FF6DC0428D253D8003B9B8F /* MainTree_TBC.swift */; };
		9FF818B028DF8267008A769C /* KaloriCalculatedVc.swift in Sources */ = {isa = PBXBuildFile; fileRef = 9FF818AF28DF8267008A769C /* KaloriCalculatedVc.swift */; };
		9FF818B228DF8882008A769C /* KaloriIhtiyac.swift in Sources */ = {isa = PBXBuildFile; fileRef = 9FF818B128DF8882008A769C /* KaloriIhtiyac.swift */; };
/* End PBXBuildFile section */

/* Begin PBXFileReference section */
		9F133DA828CE5D4000A89A12 /* WellnessClub.app */ = {isa = PBXFileReference; explicitFileType = wrapper.application; includeInIndex = 0; path = WellnessClub.app; sourceTree = BUILT_PRODUCTS_DIR; };
		9F133DAB28CE5D4000A89A12 /* AppDelegate.swift */ = {isa = PBXFileReference; lastKnownFileType = sourcecode.swift; path = AppDelegate.swift; sourceTree = "<group>"; };
		9F133DAD28CE5D4000A89A12 /* SceneDelegate.swift */ = {isa = PBXFileReference; lastKnownFileType = sourcecode.swift; path = SceneDelegate.swift; sourceTree = "<group>"; };
		9F133DB228CE5D4000A89A12 /* Base */ = {isa = PBXFileReference; lastKnownFileType = file.storyboard; name = Base; path = Base.lproj/Main.storyboard; sourceTree = "<group>"; };
		9F133DB528CE5D4000A89A12 /* WellnessClub.xcdatamodel */ = {isa = PBXFileReference; lastKnownFileType = wrapper.xcdatamodel; path = WellnessClub.xcdatamodel; sourceTree = "<group>"; };
		9F133DB728CE5D4000A89A12 /* Assets.xcassets */ = {isa = PBXFileReference; lastKnownFileType = folder.assetcatalog; path = Assets.xcassets; sourceTree = "<group>"; };
		9F133DBA28CE5D4000A89A12 /* Base */ = {isa = PBXFileReference; lastKnownFileType = file.storyboard; name = Base; path = Base.lproj/LaunchScreen.storyboard; sourceTree = "<group>"; };
		9F133DBC28CE5D4000A89A12 /* Info.plist */ = {isa = PBXFileReference; lastKnownFileType = text.plist.xml; path = Info.plist; sourceTree = "<group>"; };
		9F62DD1A28DDD8FB00C4E08E /* KaloriCalculator.swift */ = {isa = PBXFileReference; lastKnownFileType = sourcecode.swift; path = KaloriCalculator.swift; sourceTree = "<group>"; };
		9F63CAFF28DC5861004435DD /* BMI.swift */ = {isa = PBXFileReference; lastKnownFileType = sourcecode.swift; path = BMI.swift; sourceTree = "<group>"; };
		9F63CB0128DC5A01004435DD /* BMICalculator.swift */ = {isa = PBXFileReference; lastKnownFileType = sourcecode.swift; path = BMICalculator.swift; sourceTree = "<group>"; };
		9F63CB0328DC646D004435DD /* BMICalculatedVC.swift */ = {isa = PBXFileReference; lastKnownFileType = sourcecode.swift; path = BMICalculatedVC.swift; sourceTree = "<group>"; };
		9F63CB0528DCCED3004435DD /* KaloriVc.swift */ = {isa = PBXFileReference; lastKnownFileType = sourcecode.swift; path = KaloriVc.swift; sourceTree = "<group>"; };
		9F63CB0828DCD811004435DD /* ProfileVc.swift */ = {isa = PBXFileReference; lastKnownFileType = sourcecode.swift; path = ProfileVc.swift; sourceTree = "<group>"; };
		9F65209428DB228A0089E80B /* BmiVc.swift */ = {isa = PBXFileReference; lastKnownFileType = sourcecode.swift; path = BmiVc.swift; sourceTree = "<group>"; };
		9F6971E328E5FA3F00768578 /* HakkimizVc.swift */ = {isa = PBXFileReference; lastKnownFileType = sourcecode.swift; path = HakkimizVc.swift; sourceTree = "<group>"; };
		9F6971E428E5FA3F00768578 /* HakkimizVc.xib */ = {isa = PBXFileReference; lastKnownFileType = file.xib; path = HakkimizVc.xib; sourceTree = "<group>"; };
		9F6971E728E62F1000768578 /* EtkinlikVc.swift */ = {isa = PBXFileReference; lastKnownFileType = sourcecode.swift; path = EtkinlikVc.swift; sourceTree = "<group>"; };
		9F6971E828E62F1000768578 /* EtkinlikVc.xib */ = {isa = PBXFileReference; lastKnownFileType = file.xib; path = EtkinlikVc.xib; sourceTree = "<group>"; };
		9FAD8C5928D49293001EE6EC /* AnaSayfa.swift */ = {isa = PBXFileReference; lastKnownFileType = sourcecode.swift; path = AnaSayfa.swift; sourceTree = "<group>"; };
		9FAD8C5B28D4954A001EE6EC /* KatagoriTVC.swift */ = {isa = PBXFileReference; lastKnownFileType = sourcecode.swift; path = KatagoriTVC.swift; sourceTree = "<group>"; };
		9FAD8C5C28D4954A001EE6EC /* KatagoriTVC.xib */ = {isa = PBXFileReference; lastKnownFileType = file.xib; path = KatagoriTVC.xib; sourceTree = "<group>"; };
		9FAD8C6328D51209001EE6EC /* HesaplaVc.swift */ = {isa = PBXFileReference; lastKnownFileType = sourcecode.swift; path = HesaplaVc.swift; sourceTree = "<group>"; };
		9FB460BD28E6EA1D0077384D /* YagOranVc.swift */ = {isa = PBXFileReference; lastKnownFileType = sourcecode.swift; path = YagOranVc.swift; sourceTree = "<group>"; };
		9FB460BF28E6F30E0077384D /* YagOranCalculator.swift */ = {isa = PBXFileReference; lastKnownFileType = sourcecode.swift; path = YagOranCalculator.swift; sourceTree = "<group>"; };
		9FB460C128E6F58B0077384D /* YagOran.swift */ = {isa = PBXFileReference; lastKnownFileType = sourcecode.swift; path = YagOran.swift; sourceTree = "<group>"; };
		9FE0CDC128EB2A1900AB2A81 /* YagOranCalculatedVc.swift */ = {isa = PBXFileReference; lastKnownFileType = sourcecode.swift; path = YagOranCalculatedVc.swift; sourceTree = "<group>"; };
		9FE0CDC328EB4D0200AB2A81 /* SuVc.swift */ = {isa = PBXFileReference; lastKnownFileType = sourcecode.swift; path = SuVc.swift; sourceTree = "<group>"; };
		9FE0CDC528EB61C500AB2A81 /* SuCalculatedVc.swift */ = {isa = PBXFileReference; lastKnownFileType = sourcecode.swift; path = SuCalculatedVc.swift; sourceTree = "<group>"; };
		9FE0CDC728EB623900AB2A81 /* SuValue.swift */ = {isa = PBXFileReference; lastKnownFileType = sourcecode.swift; path = SuValue.swift; sourceTree = "<group>"; };
		9FE0CDC928EB628B00AB2A81 /* SuCalculator.swift */ = {isa = PBXFileReference; lastKnownFileType = sourcecode.swift; path = SuCalculator.swift; sourceTree = "<group>"; };
		9FF6DC0428D253D8003B9B8F /* MainTree_TBC.swift */ = {isa = PBXFileReference; lastKnownFileType = sourcecode.swift; path = MainTree_TBC.swift; sourceTree = "<group>"; };
		9FF818AF28DF8267008A769C /* KaloriCalculatedVc.swift */ = {isa = PBXFileReference; lastKnownFileType = sourcecode.swift; path = KaloriCalculatedVc.swift; sourceTree = "<group>"; };
		9FF818B128DF8882008A769C /* KaloriIhtiyac.swift */ = {isa = PBXFileReference; lastKnownFileType = sourcecode.swift; path = KaloriIhtiyac.swift; sourceTree = "<group>"; };
/* End PBXFileReference section */

/* Begin PBXFrameworksBuildPhase section */
		9F133DA528CE5D4000A89A12 /* Frameworks */ = {
			isa = PBXFrameworksBuildPhase;
			buildActionMask = 2147483647;
			files = (
			);
			runOnlyForDeploymentPostprocessing = 0;
		};
/* End PBXFrameworksBuildPhase section */

/* Begin PBXGroup section */
		9F133D9F28CE5D4000A89A12 = {
			isa = PBXGroup;
			children = (
				9F133DAA28CE5D4000A89A12 /* WellnessClub */,
				9F133DA928CE5D4000A89A12 /* Products */,
			);
			sourceTree = "<group>";
		};
		9F133DA928CE5D4000A89A12 /* Products */ = {
			isa = PBXGroup;
			children = (
				9F133DA828CE5D4000A89A12 /* WellnessClub.app */,
			);
			name = Products;
			sourceTree = "<group>";
		};
		9F133DAA28CE5D4000A89A12 /* WellnessClub */ = {
			isa = PBXGroup;
			children = (
				9F6971EC28E632EF00768578 /* Profile */,
				9F6971EB28E6329F00768578 /* Hesaplayıcı */,
				9FAD8C5828D47FDC001EE6EC /* AnaEkran */,
				9F133DAB28CE5D4000A89A12 /* AppDelegate.swift */,
				9F133DAD28CE5D4000A89A12 /* SceneDelegate.swift */,
				9F133DB128CE5D4000A89A12 /* Main.storyboard */,
				9F133DB728CE5D4000A89A12 /* Assets.xcassets */,
				9F133DB928CE5D4000A89A12 /* LaunchScreen.storyboard */,
				9F133DBC28CE5D4000A89A12 /* Info.plist */,
				9F133DB428CE5D4000A89A12 /* WellnessClub.xcdatamodeld */,
			);
			path = WellnessClub;
			sourceTree = "<group>";
		};
		9F6971EB28E6329F00768578 /* Hesaplayıcı */ = {
			isa = PBXGroup;
			children = (
				9FAD8C6328D51209001EE6EC /* HesaplaVc.swift */,
				9F65209428DB228A0089E80B /* BmiVc.swift */,
				9F63CAFF28DC5861004435DD /* BMI.swift */,
				9F63CB0128DC5A01004435DD /* BMICalculator.swift */,
				9F63CB0328DC646D004435DD /* BMICalculatedVC.swift */,
				9FF818B128DF8882008A769C /* KaloriIhtiyac.swift */,
				9F62DD1A28DDD8FB00C4E08E /* KaloriCalculator.swift */,
				9FF818AF28DF8267008A769C /* KaloriCalculatedVc.swift */,
				9F63CB0528DCCED3004435DD /* KaloriVc.swift */,
				9FB460C128E6F58B0077384D /* YagOran.swift */,
				9FB460BF28E6F30E0077384D /* YagOranCalculator.swift */,
				9FE0CDC128EB2A1900AB2A81 /* YagOranCalculatedVc.swift */,
				9FB460BD28E6EA1D0077384D /* YagOranVc.swift */,
				9FE0CDC728EB623900AB2A81 /* SuValue.swift */,
				9FE0CDC328EB4D0200AB2A81 /* SuVc.swift */,
				9FE0CDC528EB61C500AB2A81 /* SuCalculatedVc.swift */,
				9FE0CDC928EB628B00AB2A81 /* SuCalculator.swift */,
			);
			path = "Hesaplayıcı";
			sourceTree = "<group>";
		};
		9F6971EC28E632EF00768578 /* Profile */ = {
			isa = PBXGroup;
			children = (
				9F63CB0828DCD811004435DD /* ProfileVc.swift */,
			);
			path = Profile;
			sourceTree = "<group>";
		};
		9FAD8C5828D47FDC001EE6EC /* AnaEkran */ = {
			isa = PBXGroup;
			children = (
				9FF6DC0428D253D8003B9B8F /* MainTree_TBC.swift */,
				9F6971E328E5FA3F00768578 /* HakkimizVc.swift */,
				9F6971E428E5FA3F00768578 /* HakkimizVc.xib */,
				9F6971E728E62F1000768578 /* EtkinlikVc.swift */,
				9F6971E828E62F1000768578 /* EtkinlikVc.xib */,
				9FAD8C5B28D4954A001EE6EC /* KatagoriTVC.swift */,
				9FAD8C5C28D4954A001EE6EC /* KatagoriTVC.xib */,
				9FAD8C5928D49293001EE6EC /* AnaSayfa.swift */,
			);
			path = AnaEkran;
			sourceTree = "<group>";
		};
/* End PBXGroup section */

/* Begin PBXNativeTarget section */
		9F133DA728CE5D4000A89A12 /* WellnessClub */ = {
			isa = PBXNativeTarget;
			buildConfigurationList = 9F133DBF28CE5D4000A89A12 /* Build configuration list for PBXNativeTarget "WellnessClub" */;
			buildPhases = (
				9F133DA428CE5D4000A89A12 /* Sources */,
				9F133DA528CE5D4000A89A12 /* Frameworks */,
				9F133DA628CE5D4000A89A12 /* Resources */,
			);
			buildRules = (
			);
			dependencies = (
			);
			name = WellnessClub;
			productName = WellnessClub;
			productReference = 9F133DA828CE5D4000A89A12 /* WellnessClub.app */;
			productType = "com.apple.product-type.application";
		};
/* End PBXNativeTarget section */

/* Begin PBXProject section */
		9F133DA028CE5D4000A89A12 /* Project object */ = {
			isa = PBXProject;
			attributes = {
				BuildIndependentTargetsInParallel = 1;
				LastSwiftUpdateCheck = 1340;
				LastUpgradeCheck = 1340;
				TargetAttributes = {
					9F133DA728CE5D4000A89A12 = {
						CreatedOnToolsVersion = 13.4.1;
					};
				};
			};
			buildConfigurationList = 9F133DA328CE5D4000A89A12 /* Build configuration list for PBXProject "WellnessClub" */;
			compatibilityVersion = "Xcode 13.0";
			developmentRegion = en;
			hasScannedForEncodings = 0;
			knownRegions = (
				en,
				Base,
			);
			mainGroup = 9F133D9F28CE5D4000A89A12;
			productRefGroup = 9F133DA928CE5D4000A89A12 /* Products */;
			projectDirPath = "";
			projectRoot = "";
			targets = (
				9F133DA728CE5D4000A89A12 /* WellnessClub */,
			);
		};
/* End PBXProject section */

/* Begin PBXResourcesBuildPhase section */
		9F133DA628CE5D4000A89A12 /* Resources */ = {
			isa = PBXResourcesBuildPhase;
			buildActionMask = 2147483647;
			files = (
				9F133DBB28CE5D4000A89A12 /* LaunchScreen.storyboard in Resources */,
				9F6971EA28E62F1000768578 /* EtkinlikVc.xib in Resources */,
				9F6971E628E5FA3F00768578 /* HakkimizVc.xib in Resources */,
				9F133DB828CE5D4000A89A12 /* Assets.xcassets in Resources */,
				9F133DB328CE5D4000A89A12 /* Main.storyboard in Resources */,
				9FAD8C5E28D4954A001EE6EC /* KatagoriTVC.xib in Resources */,
			);
			runOnlyForDeploymentPostprocessing = 0;
		};
/* End PBXResourcesBuildPhase section */

/* Begin PBXSourcesBuildPhase section */
		9F133DA428CE5D4000A89A12 /* Sources */ = {
			isa = PBXSourcesBuildPhase;
			buildActionMask = 2147483647;
			files = (
				9F133DB628CE5D4000A89A12 /* WellnessClub.xcdatamodeld in Sources */,
				9F65209528DB228A0089E80B /* BmiVc.swift in Sources */,
				9F63CB0028DC5861004435DD /* BMI.swift in Sources */,
				9FE0CDC828EB623900AB2A81 /* SuValue.swift in Sources */,
				9FAD8C5D28D4954A001EE6EC /* KatagoriTVC.swift in Sources */,
				9F63CB0228DC5A01004435DD /* BMICalculator.swift in Sources */,
				9FF818B028DF8267008A769C /* KaloriCalculatedVc.swift in Sources */,
				9F133DAC28CE5D4000A89A12 /* AppDelegate.swift in Sources */,
				9FF6DC0528D253D8003B9B8F /* MainTree_TBC.swift in Sources */,
				9FAD8C5A28D49293001EE6EC /* AnaSayfa.swift in Sources */,
				9FB460C228E6F58B0077384D /* YagOran.swift in Sources */,
				9F63CB0628DCCED3004435DD /* KaloriVc.swift in Sources */,
				9F6971E528E5FA3F00768578 /* HakkimizVc.swift in Sources */,
				9FAD8C6428D51209001EE6EC /* HesaplaVc.swift in Sources */,
				9F6971E928E62F1000768578 /* EtkinlikVc.swift in Sources */,
				9F63CB0928DCD811004435DD /* ProfileVc.swift in Sources */,
				9FF818B228DF8882008A769C /* KaloriIhtiyac.swift in Sources */,
				9FE0CDCA28EB628B00AB2A81 /* SuCalculator.swift in Sources */,
				9FE0CDC428EB4D0200AB2A81 /* SuVc.swift in Sources */,
				9FB460BE28E6EA1D0077384D /* YagOranVc.swift in Sources */,
				9FE0CDC628EB61C500AB2A81 /* SuCalculatedVc.swift in Sources */,
				9F133DAE28CE5D4000A89A12 /* SceneDelegate.swift in Sources */,
				9FE0CDC228EB2A1900AB2A81 /* YagOranCalculatedVc.swift in Sources */,
				9FB460C028E6F30E0077384D /* YagOranCalculator.swift in Sources */,
				9F62DD1B28DDD8FB00C4E08E /* KaloriCalculator.swift in Sources */,
				9F63CB0428DC646D004435DD /* BMICalculatedVC.swift in Sources */,
			);
			runOnlyForDeploymentPostprocessing = 0;
		};
/* End PBXSourcesBuildPhase section */

/* Begin PBXVariantGroup section */
		9F133DB128CE5D4000A89A12 /* Main.storyboard */ = {
			isa = PBXVariantGroup;
			children = (
				9F133DB228CE5D4000A89A12 /* Base */,
			);
			name = Main.storyboard;
			sourceTree = "<group>";
		};
		9F133DB928CE5D4000A89A12 /* LaunchScreen.storyboard */ = {
			isa = PBXVariantGroup;
			children = (
				9F133DBA28CE5D4000A89A12 /* Base */,
			);
			name = LaunchScreen.storyboard;
			sourceTree = "<group>";
		};
/* End PBXVariantGroup section */

/* Begin XCBuildConfiguration section */
		9F133DBD28CE5D4000A89A12 /* Debug */ = {
			isa = XCBuildConfiguration;
			buildSettings = {
				ALWAYS_SEARCH_USER_PATHS = NO;
				CLANG_ANALYZER_NONNULL = YES;
				CLANG_ANALYZER_NUMBER_OBJECT_CONVERSION = YES_AGGRESSIVE;
				CLANG_CXX_LANGUAGE_STANDARD = "gnu++17";
				CLANG_ENABLE_MODULES = YES;
				CLANG_ENABLE_OBJC_ARC = YES;
				CLANG_ENABLE_OBJC_WEAK = YES;
				CLANG_WARN_BLOCK_CAPTURE_AUTORELEASING = YES;
				CLANG_WARN_BOOL_CONVERSION = YES;
				CLANG_WARN_COMMA = YES;
				CLANG_WARN_CONSTANT_CONVERSION = YES;
				CLANG_WARN_DEPRECATED_OBJC_IMPLEMENTATIONS = YES;
				CLANG_WARN_DIRECT_OBJC_ISA_USAGE = YES_ERROR;
				CLANG_WARN_DOCUMENTATION_COMMENTS = YES;
				CLANG_WARN_EMPTY_BODY = YES;
				CLANG_WARN_ENUM_CONVERSION = YES;
				CLANG_WARN_INFINITE_RECURSION = YES;
				CLANG_WARN_INT_CONVERSION = YES;
				CLANG_WARN_NON_LITERAL_NULL_CONVERSION = YES;
				CLANG_WARN_OBJC_IMPLICIT_RETAIN_SELF = YES;
				CLANG_WARN_OBJC_LITERAL_CONVERSION = YES;
				CLANG_WARN_OBJC_ROOT_CLASS = YES_ERROR;
				CLANG_WARN_QUOTED_INCLUDE_IN_FRAMEWORK_HEADER = YES;
				CLANG_WARN_RANGE_LOOP_ANALYSIS = YES;
				CLANG_WARN_STRICT_PROTOTYPES = YES;
				CLANG_WARN_SUSPICIOUS_MOVE = YES;
				CLANG_WARN_UNGUARDED_AVAILABILITY = YES_AGGRESSIVE;
				CLANG_WARN_UNREACHABLE_CODE = YES;
				CLANG_WARN__DUPLICATE_METHOD_MATCH = YES;
				COPY_PHASE_STRIP = NO;
				DEBUG_INFORMATION_FORMAT = dwarf;
				ENABLE_STRICT_OBJC_MSGSEND = YES;
				ENABLE_TESTABILITY = YES;
				GCC_C_LANGUAGE_STANDARD = gnu11;
				GCC_DYNAMIC_NO_PIC = NO;
				GCC_NO_COMMON_BLOCKS = YES;
				GCC_OPTIMIZATION_LEVEL = 0;
				GCC_PREPROCESSOR_DEFINITIONS = (
					"DEBUG=1",
					"$(inherited)",
				);
				GCC_WARN_64_TO_32_BIT_CONVERSION = YES;
				GCC_WARN_ABOUT_RETURN_TYPE = YES_ERROR;
				GCC_WARN_UNDECLARED_SELECTOR = YES;
				GCC_WARN_UNINITIALIZED_AUTOS = YES_AGGRESSIVE;
				GCC_WARN_UNUSED_FUNCTION = YES;
				GCC_WARN_UNUSED_VARIABLE = YES;
				IPHONEOS_DEPLOYMENT_TARGET = 15.5;
				MTL_ENABLE_DEBUG_INFO = INCLUDE_SOURCE;
				MTL_FAST_MATH = YES;
				ONLY_ACTIVE_ARCH = YES;
				SDKROOT = iphoneos;
				SWIFT_ACTIVE_COMPILATION_CONDITIONS = DEBUG;
				SWIFT_OPTIMIZATION_LEVEL = "-Onone";
			};
			name = Debug;
		};
		9F133DBE28CE5D4000A89A12 /* Release */ = {
			isa = XCBuildConfiguration;
			buildSettings = {
				ALWAYS_SEARCH_USER_PATHS = NO;
				CLANG_ANALYZER_NONNULL = YES;
				CLANG_ANALYZER_NUMBER_OBJECT_CONVERSION = YES_AGGRESSIVE;
				CLANG_CXX_LANGUAGE_STANDARD = "gnu++17";
				CLANG_ENABLE_MODULES = YES;
				CLANG_ENABLE_OBJC_ARC = YES;
				CLANG_ENABLE_OBJC_WEAK = YES;
				CLANG_WARN_BLOCK_CAPTURE_AUTORELEASING = YES;
				CLANG_WARN_BOOL_CONVERSION = YES;
				CLANG_WARN_COMMA = YES;
				CLANG_WARN_CONSTANT_CONVERSION = YES;
				CLANG_WARN_DEPRECATED_OBJC_IMPLEMENTATIONS = YES;
				CLANG_WARN_DIRECT_OBJC_ISA_USAGE = YES_ERROR;
				CLANG_WARN_DOCUMENTATION_COMMENTS = YES;
				CLANG_WARN_EMPTY_BODY = YES;
				CLANG_WARN_ENUM_CONVERSION = YES;
				CLANG_WARN_INFINITE_RECURSION = YES;
				CLANG_WARN_INT_CONVERSION = YES;
				CLANG_WARN_NON_LITERAL_NULL_CONVERSION = YES;
				CLANG_WARN_OBJC_IMPLICIT_RETAIN_SELF = YES;
				CLANG_WARN_OBJC_LITERAL_CONVERSION = YES;
				CLANG_WARN_OBJC_ROOT_CLASS = YES_ERROR;
				CLANG_WARN_QUOTED_INCLUDE_IN_FRAMEWORK_HEADER = YES;
				CLANG_WARN_RANGE_LOOP_ANALYSIS = YES;
				CLANG_WARN_STRICT_PROTOTYPES = YES;
				CLANG_WARN_SUSPICIOUS_MOVE = YES;
				CLANG_WARN_UNGUARDED_AVAILABILITY = YES_AGGRESSIVE;
				CLANG_WARN_UNREACHABLE_CODE = YES;
				CLANG_WARN__DUPLICATE_METHOD_MATCH = YES;
				COPY_PHASE_STRIP = NO;
				DEBUG_INFORMATION_FORMAT = "dwarf-with-dsym";
				ENABLE_NS_ASSERTIONS = NO;
				ENABLE_STRICT_OBJC_MSGSEND = YES;
				GCC_C_LANGUAGE_STANDARD = gnu11;
				GCC_NO_COMMON_BLOCKS = YES;
				GCC_WARN_64_TO_32_BIT_CONVERSION = YES;
				GCC_WARN_ABOUT_RETURN_TYPE = YES_ERROR;
				GCC_WARN_UNDECLARED_SELECTOR = YES;
				GCC_WARN_UNINITIALIZED_AUTOS = YES_AGGRESSIVE;
				GCC_WARN_UNUSED_FUNCTION = YES;
				GCC_WARN_UNUSED_VARIABLE = YES;
				IPHONEOS_DEPLOYMENT_TARGET = 15.5;
				MTL_ENABLE_DEBUG_INFO = NO;
				MTL_FAST_MATH = YES;
				SDKROOT = iphoneos;
				SWIFT_COMPILATION_MODE = wholemodule;
				SWIFT_OPTIMIZATION_LEVEL = "-O";
				VALIDATE_PRODUCT = YES;
			};
			name = Release;
		};
		9F133DC028CE5D4000A89A12 /* Debug */ = {
			isa = XCBuildConfiguration;
			buildSettings = {
				ASSETCATALOG_COMPILER_APPICON_NAME = AppIcon;
				ASSETCATALOG_COMPILER_GLOBAL_ACCENT_COLOR_NAME = AccentColor;
				CODE_SIGN_STYLE = Automatic;
				CURRENT_PROJECT_VERSION = 1;
				DEVELOPMENT_TEAM = 4PA798AY5U;
				GENERATE_INFOPLIST_FILE = YES;
				INFOPLIST_FILE = WellnessClub/Info.plist;
				INFOPLIST_KEY_UIApplicationSupportsIndirectInputEvents = YES;
				INFOPLIST_KEY_UILaunchStoryboardName = LaunchScreen;
				INFOPLIST_KEY_UIMainStoryboardFile = Main;
				INFOPLIST_KEY_UISupportedInterfaceOrientations_iPad = "UIInterfaceOrientationPortrait UIInterfaceOrientationPortraitUpsideDown UIInterfaceOrientationLandscapeLeft UIInterfaceOrientationLandscapeRight";
				INFOPLIST_KEY_UISupportedInterfaceOrientations_iPhone = "UIInterfaceOrientationPortrait UIInterfaceOrientationLandscapeLeft UIInterfaceOrientationLandscapeRight";
				LD_RUNPATH_SEARCH_PATHS = (
					"$(inherited)",
					"@executable_path/Frameworks",
				);
				MARKETING_VERSION = 1.0;
				PRODUCT_BUNDLE_IDENTIFIER = com.HasanBeratGurbuz.WellnessClub;
				PRODUCT_NAME = "$(TARGET_NAME)";
				SWIFT_EMIT_LOC_STRINGS = YES;
				SWIFT_VERSION = 5.0;
				TARGETED_DEVICE_FAMILY = "1,2";
			};
			name = Debug;
		};
		9F133DC128CE5D4000A89A12 /* Release */ = {
			isa = XCBuildConfiguration;
			buildSettings = {
				ASSETCATALOG_COMPILER_APPICON_NAME = AppIcon;
				ASSETCATALOG_COMPILER_GLOBAL_ACCENT_COLOR_NAME = AccentColor;
				CODE_SIGN_STYLE = Automatic;
				CURRENT_PROJECT_VERSION = 1;
				DEVELOPMENT_TEAM = 4PA798AY5U;
				GENERATE_INFOPLIST_FILE = YES;
				INFOPLIST_FILE = WellnessClub/Info.plist;
				INFOPLIST_KEY_UIApplicationSupportsIndirectInputEvents = YES;
				INFOPLIST_KEY_UILaunchStoryboardName = LaunchScreen;
				INFOPLIST_KEY_UIMainStoryboardFile = Main;
				INFOPLIST_KEY_UISupportedInterfaceOrientations_iPad = "UIInterfaceOrientationPortrait UIInterfaceOrientationPortraitUpsideDown UIInterfaceOrientationLandscapeLeft UIInterfaceOrientationLandscapeRight";
				INFOPLIST_KEY_UISupportedInterfaceOrientations_iPhone = "UIInterfaceOrientationPortrait UIInterfaceOrientationLandscapeLeft UIInterfaceOrientationLandscapeRight";
				LD_RUNPATH_SEARCH_PATHS = (
					"$(inherited)",
					"@executable_path/Frameworks",
				);
				MARKETING_VERSION = 1.0;
				PRODUCT_BUNDLE_IDENTIFIER = com.HasanBeratGurbuz.WellnessClub;
				PRODUCT_NAME = "$(TARGET_NAME)";
				SWIFT_EMIT_LOC_STRINGS = YES;
				SWIFT_VERSION = 5.0;
				TARGETED_DEVICE_FAMILY = "1,2";
			};
			name = Release;
		};
/* End XCBuildConfiguration section */

/* Begin XCConfigurationList section */
		9F133DA328CE5D4000A89A12 /* Build configuration list for PBXProject "WellnessClub" */ = {
			isa = XCConfigurationList;
			buildConfigurations = (
				9F133DBD28CE5D4000A89A12 /* Debug */,
				9F133DBE28CE5D4000A89A12 /* Release */,
			);
			defaultConfigurationIsVisible = 0;
			defaultConfigurationName = Release;
		};
		9F133DBF28CE5D4000A89A12 /* Build configuration list for PBXNativeTarget "WellnessClub" */ = {
			isa = XCConfigurationList;
			buildConfigurations = (
				9F133DC028CE5D4000A89A12 /* Debug */,
				9F133DC128CE5D4000A89A12 /* Release */,
			);
			defaultConfigurationIsVisible = 0;
			defaultConfigurationName = Release;
		};
/* End XCConfigurationList section */

/* Begin XCVersionGroup section */
		9F133DB428CE5D4000A89A12 /* WellnessClub.xcdatamodeld */ = {
			isa = XCVersionGroup;
			children = (
				9F133DB528CE5D4000A89A12 /* WellnessClub.xcdatamodel */,
			);
			currentVersion = 9F133DB528CE5D4000A89A12 /* WellnessClub.xcdatamodel */;
			path = WellnessClub.xcdatamodeld;
			sourceTree = "<group>";
			versionGroupType = wrapper.xcdatamodel;
		};
/* End XCVersionGroup section */
	};
	rootObject = 9F133DA028CE5D4000A89A12 /* Project object */;
}
